{
  "name": "UniWebJASM",
  "lockfileVersion": 3,
  "requires": true,
  "packages": {
    "": {
      "dependencies": {
        "lz4js": "^0.2.0",
        "lzma": "^2.3.2"
      }
    },
    "node_modules/lz4js": {
      "version": "0.2.0",
      "resolved": "https://registry.npmjs.org/lz4js/-/lz4js-0.2.0.tgz",
      "integrity": "sha512-gY2Ia9Lm7Ep8qMiuGRhvUq0Q7qUereeldZPP1PMEJxPtEWHJLqw9pgX68oHajBH0nzJK4MaZEA/YNV3jT8u8Bg==",
      "license": "ISC"
    },
    "node_modules/lzma": {
      "version": "2.3.2",
      "resolved": "https://registry.npmjs.org/lzma/-/lzma-2.3.2.tgz",
      "integrity": "sha512-DcfiawQ1avYbW+hsILhF38IKAlnguc/fjHrychs9hdxe4qLykvhT5VTGNs5YRWgaNePh7NTxGD4uv4gKsRomCQ==",
      "license": "MIT",
      "bin": {
        "lzma.js": "bin/lzma.js"
      }
    }
  }
}
